// !$*UTF8*$!
{
	archiveVersion = 1;
	classes = {
	};
	objectVersion = 46;
	objects = {

/* Begin PBXBuildFile section */
		CA22336A1F9F4BC900F8E3B6 /* find.cpp in Sources */ = {isa = PBXBuildFile; fileRef = CA2233681F9F4BC900F8E3B6 /* find.cpp */; };
		CA2EBBBA1F960BC50025B493 /* skip.cpp in Sources */ = {isa = PBXBuildFile; fileRef = CA2EBBB91F960BC50025B493 /* skip.cpp */; };
		CA2EBBBD1F960E6F0025B493 /* nth.cpp in Sources */ = {isa = PBXBuildFile; fileRef = CA2EBBBC1F960E6F0025B493 /* nth.cpp */; };
		CA3ED3431F5FE43500DA2EF1 /* main.cpp in Sources */ = {isa = PBXBuildFile; fileRef = CA3ED3421F5FE43500DA2EF1 /* main.cpp */; };
		CA5AEDD61F5FF1220095F382 /* gtest.framework in Frameworks */ = {isa = PBXBuildFile; fileRef = CA5AEDC91F5FF1050095F382 /* gtest.framework */; };
		CA5AEDD81F5FF74C0095F382 /* Coord.cpp in Sources */ = {isa = PBXBuildFile; fileRef = CA5AEDD71F5FF74C0095F382 /* Coord.cpp */; };
		CA5AEDDC1F5FFB5D0095F382 /* Vector2D.cpp in Sources */ = {isa = PBXBuildFile; fileRef = CA5AEDDB1F5FFB5D0095F382 /* Vector2D.cpp */; };
		CA5AEDDE1F5FFB860095F382 /* math.cpp in Sources */ = {isa = PBXBuildFile; fileRef = CA5AEDDD1F5FFB860095F382 /* math.cpp */; };
		CA5AEDE01F5FFBBF0095F382 /* memory.cpp in Sources */ = {isa = PBXBuildFile; fileRef = CA5AEDDF1F5FFBBF0095F382 /* memory.cpp */; };
		CA7306A41F84ECE700C4BBAD /* as_container.cpp in Sources */ = {isa = PBXBuildFile; fileRef = CA73069F1F84ECC700C4BBAD /* as_container.cpp */; };
		CA7306A51F84ECE900C4BBAD /* as_vector.cpp in Sources */ = {isa = PBXBuildFile; fileRef = CA73069B1F84ECC700C4BBAD /* as_vector.cpp */; };
		CA7306A61F84ECEC00C4BBAD /* container_wrapper.cpp in Sources */ = {isa = PBXBuildFile; fileRef = CA7306A11F84ECC700C4BBAD /* container_wrapper.cpp */; };
		CA7306A81F84ECF000C4BBAD /* counting.cpp in Sources */ = {isa = PBXBuildFile; fileRef = CA73069A1F84ECC700C4BBAD /* counting.cpp */; };
		CA7306A91F84ECF300C4BBAD /* filter.cpp in Sources */ = {isa = PBXBuildFile; fileRef = CA73069E1F84ECC700C4BBAD /* filter.cpp */; };
		CA7306AA1F84ECF500C4BBAD /* foreach.cpp in Sources */ = {isa = PBXBuildFile; fileRef = CA7306A31F84ECC700C4BBAD /* foreach.cpp */; };
		CA7306AB1F84ECF600C4BBAD /* iterate.cpp in Sources */ = {isa = PBXBuildFile; fileRef = CA73069D1F84ECC700C4BBAD /* iterate.cpp */; };
		CA7306AC1F84ECF900C4BBAD /* take.cpp in Sources */ = {isa = PBXBuildFile; fileRef = CA7306A01F84ECC700C4BBAD /* take.cpp */; };
		CA7306B91F84F2CE00C4BBAD /* map.cpp in Sources */ = {isa = PBXBuildFile; fileRef = CA7306B81F84F2CE00C4BBAD /* map.cpp */; };
		CA7306DD1F8CD9A300C4BBAD /* concat.cpp in Sources */ = {isa = PBXBuildFile; fileRef = CA7306DC1F8CD9A300C4BBAD /* concat.cpp */; };
		CA7306E01F8CDF1800C4BBAD /* empty.cpp in Sources */ = {isa = PBXBuildFile; fileRef = CA7306DF1F8CDF1800C4BBAD /* empty.cpp */; };
		CA7306E31F8D0C6F00C4BBAD /* flatten.cpp in Sources */ = {isa = PBXBuildFile; fileRef = CA7306E21F8D0C6F00C4BBAD /* flatten.cpp */; };
		CA7306E61F8D202B00C4BBAD /* range.cpp in Sources */ = {isa = PBXBuildFile; fileRef = CA7306E51F8D202B00C4BBAD /* range.cpp */; };
		CA7306E91F8D2EE000C4BBAD /* take_while.cpp in Sources */ = {isa = PBXBuildFile; fileRef = CA7306E81F8D2EE000C4BBAD /* take_while.cpp */; };
		CA7306EC1F8DCC2900C4BBAD /* LambdaWrapper.cpp in Sources */ = {isa = PBXBuildFile; fileRef = CA7306EB1F8DCC2900C4BBAD /* LambdaWrapper.cpp */; };
		CA7306F01F8E746C00C4BBAD /* map_indexed.cpp in Sources */ = {isa = PBXBuildFile; fileRef = CA7306EF1F8E746C00C4BBAD /* map_indexed.cpp */; };
		CA7306F31F8EE57400C4BBAD /* reduce.cpp in Sources */ = {isa = PBXBuildFile; fileRef = CA7306F21F8EE57400C4BBAD /* reduce.cpp */; };
		CA7306F61F8F4B2300C4BBAD /* mapcat.cpp in Sources */ = {isa = PBXBuildFile; fileRef = CA7306F51F8F4B2300C4BBAD /* mapcat.cpp */; };
		CA7307571F95EC9800C4BBAD /* first.cpp in Sources */ = {isa = PBXBuildFile; fileRef = CA7307561F95EC9800C4BBAD /* first.cpp */; };
		CA8268CD1FB0E2A100F28260 /* max_by.cpp in Sources */ = {isa = PBXBuildFile; fileRef = CA8268CC1FB0E2A100F28260 /* max_by.cpp */; };
		CA8268F41FB21F0C00F28260 /* repeatedly.cpp in Sources */ = {isa = PBXBuildFile; fileRef = CA8268F31FB21F0C00F28260 /* repeatedly.cpp */; };
		CA8268FA1FB23C5600F28260 /* find_best.cpp in Sources */ = {isa = PBXBuildFile; fileRef = CA8268F91FB23C5600F28260 /* find_best.cpp */; };
		CA82690A1FB29AD300F28260 /* find_best_by.cpp in Sources */ = {isa = PBXBuildFile; fileRef = CA8269091FB29AD300F28260 /* find_best_by.cpp */; };
		CA8269161FB31EBD00F28260 /* min_by.cpp in Sources */ = {isa = PBXBuildFile; fileRef = CA8269151FB31EBD00F28260 /* min_by.cpp */; };
		CA82691A1FB320B500F28260 /* max.cpp in Sources */ = {isa = PBXBuildFile; fileRef = CA8269191FB320B500F28260 /* max.cpp */; };
		CA82691C1FB3211500F28260 /* min.cpp in Sources */ = {isa = PBXBuildFile; fileRef = CA82691B1FB3211500F28260 /* min.cpp */; };
		CAC0C0D31F72557100A22185 /* coroutine.cpp in Sources */ = {isa = PBXBuildFile; fileRef = CAC0C0D21F72557100A22185 /* coroutine.cpp */; };
		CAF018A81F7A7F4D00E301CE /* scope_exit.cpp in Sources */ = {isa = PBXBuildFile; fileRef = CAF018A71F7A7F4D00E301CE /* scope_exit.cpp */; };
		CAF018AA1F7A8D7B00E301CE /* container.cpp in Sources */ = {isa = PBXBuildFile; fileRef = CAF018A91F7A8D7B00E301CE /* container.cpp */; };
		CAF018C21F7E664000E301CE /* option.cpp in Sources */ = {isa = PBXBuildFile; fileRef = CAF018C01F7E664000E301CE /* option.cpp */; };
/* End PBXBuildFile section */

/* Begin PBXContainerItemProxy section */
		CA5AEDC81F5FF1050095F382 /* PBXContainerItemProxy */ = {
			isa = PBXContainerItemProxy;
			containerPortal = CA5AEDBC1F5FF1050095F382 /* gtest.xcodeproj */;
			proxyType = 2;
			remoteGlobalIDString = 4539C8FF0EC27F6400A70F4C;
			remoteInfo = "gtest-framework";
		};
		CA5AEDCA1F5FF1050095F382 /* PBXContainerItemProxy */ = {
			isa = PBXContainerItemProxy;
			containerPortal = CA5AEDBC1F5FF1050095F382 /* gtest.xcodeproj */;
			proxyType = 2;
			remoteGlobalIDString = 40C848FA101A209C0083642A;
			remoteInfo = "gtest-static";
		};
		CA5AEDCC1F5FF1050095F382 /* PBXContainerItemProxy */ = {
			isa = PBXContainerItemProxy;
			containerPortal = CA5AEDBC1F5FF1050095F382 /* gtest.xcodeproj */;
			proxyType = 2;
			remoteGlobalIDString = 40C8490B101A217E0083642A;
			remoteInfo = "gtest_main-static";
		};
		CA5AEDCE1F5FF1050095F382 /* PBXContainerItemProxy */ = {
			isa = PBXContainerItemProxy;
			containerPortal = CA5AEDBC1F5FF1050095F382 /* gtest.xcodeproj */;
			proxyType = 2;
			remoteGlobalIDString = 40899F430FFA7184000B29AE;
			remoteInfo = "gtest_unittest-framework";
		};
		CA5AEDD01F5FF1050095F382 /* PBXContainerItemProxy */ = {
			isa = PBXContainerItemProxy;
			containerPortal = CA5AEDBC1F5FF1050095F382 /* gtest.xcodeproj */;
			proxyType = 2;
			remoteGlobalIDString = 40C84987101A36850083642A;
			remoteInfo = "gtest_unittest-static";
		};
		CA5AEDD21F5FF1050095F382 /* PBXContainerItemProxy */ = {
			isa = PBXContainerItemProxy;
			containerPortal = CA5AEDBC1F5FF1050095F382 /* gtest.xcodeproj */;
			proxyType = 2;
			remoteGlobalIDString = 4089A0130FFACEFC000B29AE;
			remoteInfo = "sample1_unittest-framework";
		};
		CA5AEDD41F5FF1050095F382 /* PBXContainerItemProxy */ = {
			isa = PBXContainerItemProxy;
			containerPortal = CA5AEDBC1F5FF1050095F382 /* gtest.xcodeproj */;
			proxyType = 2;
			remoteGlobalIDString = 40C84997101A36A60083642A;
			remoteInfo = "sample1_unittest-static";
		};
/* End PBXContainerItemProxy section */

/* Begin PBXCopyFilesBuildPhase section */
		CA3ED33E1F5FE43500DA2EF1 /* CopyFiles */ = {
			isa = PBXCopyFilesBuildPhase;
			buildActionMask = 2147483647;
			dstPath = /usr/share/man/man1/;
			dstSubfolderSpec = 0;
			files = (
			);
			runOnlyForDeploymentPostprocessing = 1;
		};
/* End PBXCopyFilesBuildPhase section */

/* Begin PBXFileReference section */
		CA22335E1F9F4A9100F8E3B6 /* find.hpp */ = {isa = PBXFileReference; lastKnownFileType = sourcecode.cpp.h; name = find.hpp; path = sequence/find.hpp; sourceTree = "<group>"; };
		CA2233681F9F4BC900F8E3B6 /* find.cpp */ = {isa = PBXFileReference; lastKnownFileType = sourcecode.cpp.cpp; name = find.cpp; path = sequence/find.cpp; sourceTree = "<group>"; };
		CA2EBBAF1F96096D0025B493 /* skip.hpp */ = {isa = PBXFileReference; lastKnownFileType = sourcecode.cpp.h; name = skip.hpp; path = sequence/skip.hpp; sourceTree = "<group>"; };
		CA2EBBB91F960BC50025B493 /* skip.cpp */ = {isa = PBXFileReference; lastKnownFileType = sourcecode.cpp.cpp; name = skip.cpp; path = sequence/skip.cpp; sourceTree = "<group>"; };
		CA2EBBBB1F960DAE0025B493 /* nth.hpp */ = {isa = PBXFileReference; lastKnownFileType = sourcecode.cpp.h; name = nth.hpp; path = sequence/nth.hpp; sourceTree = "<group>"; };
		CA2EBBBC1F960E6F0025B493 /* nth.cpp */ = {isa = PBXFileReference; lastKnownFileType = sourcecode.cpp.cpp; name = nth.cpp; path = sequence/nth.cpp; sourceTree = "<group>"; };
		CA3ED3401F5FE43500DA2EF1 /* Test */ = {isa = PBXFileReference; explicitFileType = "compiled.mach-o.executable"; includeInIndex = 0; path = Test; sourceTree = BUILT_PRODUCTS_DIR; };
		CA3ED3421F5FE43500DA2EF1 /* main.cpp */ = {isa = PBXFileReference; lastKnownFileType = sourcecode.cpp.cpp; path = main.cpp; sourceTree = "<group>"; };
		CA5AEDBC1F5FF1050095F382 /* gtest.xcodeproj */ = {isa = PBXFileReference; lastKnownFileType = "wrapper.pb-project"; name = gtest.xcodeproj; path = extsrc/googletest/googletest/xcode/gtest.xcodeproj; sourceTree = "<group>"; };
		CA5AEDD71F5FF74C0095F382 /* Coord.cpp */ = {isa = PBXFileReference; fileEncoding = 4; lastKnownFileType = sourcecode.cpp.cpp; path = Coord.cpp; sourceTree = "<group>"; };
		CA5AEDDB1F5FFB5D0095F382 /* Vector2D.cpp */ = {isa = PBXFileReference; fileEncoding = 4; lastKnownFileType = sourcecode.cpp.cpp; path = Vector2D.cpp; sourceTree = "<group>"; };
		CA5AEDDD1F5FFB860095F382 /* math.cpp */ = {isa = PBXFileReference; fileEncoding = 4; lastKnownFileType = sourcecode.cpp.cpp; path = math.cpp; sourceTree = "<group>"; };
		CA5AEDDF1F5FFBBF0095F382 /* memory.cpp */ = {isa = PBXFileReference; fileEncoding = 4; lastKnownFileType = sourcecode.cpp.cpp; path = memory.cpp; sourceTree = "<group>"; };
		CA684D151F5FE24B00F18476 /* libufo.a */ = {isa = PBXFileReference; explicitFileType = archive.ar; includeInIndex = 0; path = libufo.a; sourceTree = BUILT_PRODUCTS_DIR; };
		CA73068F1F84ECAF00C4BBAD /* iterate.hpp */ = {isa = PBXFileReference; lastKnownFileType = sourcecode.cpp.h; name = iterate.hpp; path = sequence/iterate.hpp; sourceTree = "<group>"; };
		CA7306901F84ECAF00C4BBAD /* filter.hpp */ = {isa = PBXFileReference; lastKnownFileType = sourcecode.cpp.h; name = filter.hpp; path = sequence/filter.hpp; sourceTree = "<group>"; };
		CA7306911F84ECAF00C4BBAD /* sequence.hpp */ = {isa = PBXFileReference; lastKnownFileType = sourcecode.cpp.h; name = sequence.hpp; path = sequence/sequence.hpp; sourceTree = "<group>"; };
		CA7306921F84ECAF00C4BBAD /* counting.hpp */ = {isa = PBXFileReference; lastKnownFileType = sourcecode.cpp.h; name = counting.hpp; path = sequence/counting.hpp; sourceTree = "<group>"; };
		CA7306931F84ECAF00C4BBAD /* take.hpp */ = {isa = PBXFileReference; lastKnownFileType = sourcecode.cpp.h; name = take.hpp; path = sequence/take.hpp; sourceTree = "<group>"; };
		CA7306941F84ECAF00C4BBAD /* sequence_operator.hpp */ = {isa = PBXFileReference; lastKnownFileType = sourcecode.cpp.h; name = sequence_operator.hpp; path = sequence/sequence_operator.hpp; sourceTree = "<group>"; };
		CA7306951F84ECAF00C4BBAD /* container_wrapper.hpp */ = {isa = PBXFileReference; lastKnownFileType = sourcecode.cpp.h; name = container_wrapper.hpp; path = sequence/container_wrapper.hpp; sourceTree = "<group>"; };
		CA7306971F84ECAF00C4BBAD /* as_vector.hpp */ = {isa = PBXFileReference; lastKnownFileType = sourcecode.cpp.h; name = as_vector.hpp; path = sequence/as_vector.hpp; sourceTree = "<group>"; };
		CA7306981F84ECAF00C4BBAD /* foreach.hpp */ = {isa = PBXFileReference; lastKnownFileType = sourcecode.cpp.h; name = foreach.hpp; path = sequence/foreach.hpp; sourceTree = "<group>"; };
		CA7306991F84ECAF00C4BBAD /* as_container.hpp */ = {isa = PBXFileReference; lastKnownFileType = sourcecode.cpp.h; name = as_container.hpp; path = sequence/as_container.hpp; sourceTree = "<group>"; };
		CA73069A1F84ECC700C4BBAD /* counting.cpp */ = {isa = PBXFileReference; lastKnownFileType = sourcecode.cpp.cpp; name = counting.cpp; path = sequence/counting.cpp; sourceTree = "<group>"; };
		CA73069B1F84ECC700C4BBAD /* as_vector.cpp */ = {isa = PBXFileReference; lastKnownFileType = sourcecode.cpp.cpp; name = as_vector.cpp; path = sequence/as_vector.cpp; sourceTree = "<group>"; };
		CA73069C1F84ECC700C4BBAD /* delete_copy.hpp */ = {isa = PBXFileReference; lastKnownFileType = sourcecode.cpp.h; name = delete_copy.hpp; path = sequence/delete_copy.hpp; sourceTree = "<group>"; };
		CA73069D1F84ECC700C4BBAD /* iterate.cpp */ = {isa = PBXFileReference; lastKnownFileType = sourcecode.cpp.cpp; name = iterate.cpp; path = sequence/iterate.cpp; sourceTree = "<group>"; };
		CA73069E1F84ECC700C4BBAD /* filter.cpp */ = {isa = PBXFileReference; lastKnownFileType = sourcecode.cpp.cpp; name = filter.cpp; path = sequence/filter.cpp; sourceTree = "<group>"; };
		CA73069F1F84ECC700C4BBAD /* as_container.cpp */ = {isa = PBXFileReference; lastKnownFileType = sourcecode.cpp.cpp; name = as_container.cpp; path = sequence/as_container.cpp; sourceTree = "<group>"; };
		CA7306A01F84ECC700C4BBAD /* take.cpp */ = {isa = PBXFileReference; lastKnownFileType = sourcecode.cpp.cpp; name = take.cpp; path = sequence/take.cpp; sourceTree = "<group>"; };
		CA7306A11F84ECC700C4BBAD /* container_wrapper.cpp */ = {isa = PBXFileReference; lastKnownFileType = sourcecode.cpp.cpp; name = container_wrapper.cpp; path = sequence/container_wrapper.cpp; sourceTree = "<group>"; };
		CA7306A31F84ECC700C4BBAD /* foreach.cpp */ = {isa = PBXFileReference; lastKnownFileType = sourcecode.cpp.cpp; name = foreach.cpp; path = sequence/foreach.cpp; sourceTree = "<group>"; };
		CA7306AE1F84EF7E00C4BBAD /* map.hpp */ = {isa = PBXFileReference; lastKnownFileType = sourcecode.cpp.h; name = map.hpp; path = sequence/map.hpp; sourceTree = "<group>"; };
		CA7306B81F84F2CE00C4BBAD /* map.cpp */ = {isa = PBXFileReference; lastKnownFileType = sourcecode.cpp.cpp; name = map.cpp; path = sequence/map.cpp; sourceTree = "<group>"; };
		CA7306D21F8CD43400C4BBAD /* concat.hpp */ = {isa = PBXFileReference; lastKnownFileType = sourcecode.cpp.h; name = concat.hpp; path = sequence/concat.hpp; sourceTree = "<group>"; };
		CA7306DC1F8CD9A300C4BBAD /* concat.cpp */ = {isa = PBXFileReference; lastKnownFileType = sourcecode.cpp.cpp; name = concat.cpp; path = sequence/concat.cpp; sourceTree = "<group>"; };
		CA7306DE1F8CDE5000C4BBAD /* empty.hpp */ = {isa = PBXFileReference; lastKnownFileType = sourcecode.cpp.h; name = empty.hpp; path = sequence/empty.hpp; sourceTree = "<group>"; };
		CA7306DF1F8CDF1800C4BBAD /* empty.cpp */ = {isa = PBXFileReference; lastKnownFileType = sourcecode.cpp.cpp; name = empty.cpp; path = sequence/empty.cpp; sourceTree = "<group>"; };
		CA7306E11F8CF93C00C4BBAD /* flatten.hpp */ = {isa = PBXFileReference; lastKnownFileType = sourcecode.cpp.h; name = flatten.hpp; path = sequence/flatten.hpp; sourceTree = "<group>"; };
		CA7306E21F8D0C6F00C4BBAD /* flatten.cpp */ = {isa = PBXFileReference; lastKnownFileType = sourcecode.cpp.cpp; name = flatten.cpp; path = sequence/flatten.cpp; sourceTree = "<group>"; };
		CA7306E41F8D1F4800C4BBAD /* range.hpp */ = {isa = PBXFileReference; lastKnownFileType = sourcecode.cpp.h; name = range.hpp; path = sequence/range.hpp; sourceTree = "<group>"; };
		CA7306E51F8D202B00C4BBAD /* range.cpp */ = {isa = PBXFileReference; lastKnownFileType = sourcecode.cpp.cpp; name = range.cpp; path = sequence/range.cpp; sourceTree = "<group>"; };
		CA7306E71F8D212D00C4BBAD /* take_while.hpp */ = {isa = PBXFileReference; lastKnownFileType = sourcecode.cpp.h; name = take_while.hpp; path = sequence/take_while.hpp; sourceTree = "<group>"; };
		CA7306E81F8D2EE000C4BBAD /* take_while.cpp */ = {isa = PBXFileReference; lastKnownFileType = sourcecode.cpp.cpp; name = take_while.cpp; path = sequence/take_while.cpp; sourceTree = "<group>"; };
		CA7306EA1F8DCA6D00C4BBAD /* LambdaWrapper.hpp */ = {isa = PBXFileReference; lastKnownFileType = sourcecode.cpp.h; path = LambdaWrapper.hpp; sourceTree = "<group>"; };
		CA7306EB1F8DCC2900C4BBAD /* LambdaWrapper.cpp */ = {isa = PBXFileReference; lastKnownFileType = sourcecode.cpp.cpp; path = LambdaWrapper.cpp; sourceTree = "<group>"; };
		CA7306EE1F8E724D00C4BBAD /* map_indexed.hpp */ = {isa = PBXFileReference; lastKnownFileType = sourcecode.cpp.h; name = map_indexed.hpp; path = sequence/map_indexed.hpp; sourceTree = "<group>"; };
		CA7306EF1F8E746C00C4BBAD /* map_indexed.cpp */ = {isa = PBXFileReference; lastKnownFileType = sourcecode.cpp.cpp; name = map_indexed.cpp; path = sequence/map_indexed.cpp; sourceTree = "<group>"; };
		CA7306F11F8E77E600C4BBAD /* reduce.hpp */ = {isa = PBXFileReference; lastKnownFileType = sourcecode.cpp.h; name = reduce.hpp; path = sequence/reduce.hpp; sourceTree = "<group>"; };
		CA7306F21F8EE57400C4BBAD /* reduce.cpp */ = {isa = PBXFileReference; lastKnownFileType = sourcecode.cpp.cpp; name = reduce.cpp; path = sequence/reduce.cpp; sourceTree = "<group>"; };
		CA7306F41F8F04A900C4BBAD /* mapcat.hpp */ = {isa = PBXFileReference; lastKnownFileType = sourcecode.cpp.h; name = mapcat.hpp; path = sequence/mapcat.hpp; sourceTree = "<group>"; };
		CA7306F51F8F4B2300C4BBAD /* mapcat.cpp */ = {isa = PBXFileReference; lastKnownFileType = sourcecode.cpp.cpp; name = mapcat.cpp; path = sequence/mapcat.cpp; sourceTree = "<group>"; };
		CA73074C1F95EABC00C4BBAD /* first.hpp */ = {isa = PBXFileReference; lastKnownFileType = sourcecode.cpp.h; name = first.hpp; path = sequence/first.hpp; sourceTree = "<group>"; };
		CA7307561F95EC9800C4BBAD /* first.cpp */ = {isa = PBXFileReference; lastKnownFileType = sourcecode.cpp.cpp; name = first.cpp; path = sequence/first.cpp; sourceTree = "<group>"; };
		CA8268C21FB0CFB500F28260 /* max_by.hpp */ = {isa = PBXFileReference; lastKnownFileType = sourcecode.cpp.h; name = max_by.hpp; path = sequence/max_by.hpp; sourceTree = "<group>"; };
		CA8268CC1FB0E2A100F28260 /* max_by.cpp */ = {isa = PBXFileReference; lastKnownFileType = sourcecode.cpp.cpp; name = max_by.cpp; path = sequence/max_by.cpp; sourceTree = "<group>"; };
		CA8268DC1FB173DE00F28260 /* sequence_wrapper.hpp */ = {isa = PBXFileReference; lastKnownFileType = sourcecode.cpp.h; name = sequence_wrapper.hpp; path = sequence/sequence_wrapper.hpp; sourceTree = "<group>"; };
		CA8268E91FB21E3F00F28260 /* repeatedly.hpp */ = {isa = PBXFileReference; lastKnownFileType = sourcecode.cpp.h; name = repeatedly.hpp; path = sequence/repeatedly.hpp; sourceTree = "<group>"; };
		CA8268F31FB21F0C00F28260 /* repeatedly.cpp */ = {isa = PBXFileReference; lastKnownFileType = sourcecode.cpp.cpp; name = repeatedly.cpp; path = sequence/repeatedly.cpp; sourceTree = "<group>"; };
		CA8268F51FB2251700F28260 /* find_best.hpp */ = {isa = PBXFileReference; lastKnownFileType = sourcecode.cpp.h; name = find_best.hpp; path = sequence/find_best.hpp; sourceTree = "<group>"; };
		CA8268F91FB23C5600F28260 /* find_best.cpp */ = {isa = PBXFileReference; lastKnownFileType = sourcecode.cpp.cpp; name = find_best.cpp; path = sequence/find_best.cpp; sourceTree = "<group>"; };
		CA8269041FB2441500F28260 /* find_best_by.hpp */ = {isa = PBXFileReference; lastKnownFileType = sourcecode.cpp.h; name = find_best_by.hpp; path = sequence/find_best_by.hpp; sourceTree = "<group>"; };
		CA8269091FB29AD300F28260 /* find_best_by.cpp */ = {isa = PBXFileReference; lastKnownFileType = sourcecode.cpp.cpp; name = find_best_by.cpp; path = sequence/find_best_by.cpp; sourceTree = "<group>"; };
		CA8269141FB2A99500F28260 /* min_by.hpp */ = {isa = PBXFileReference; lastKnownFileType = sourcecode.cpp.h; name = min_by.hpp; path = sequence/min_by.hpp; sourceTree = "<group>"; };
		CA8269151FB31EBD00F28260 /* min_by.cpp */ = {isa = PBXFileReference; lastKnownFileType = sourcecode.cpp.cpp; name = min_by.cpp; path = sequence/min_by.cpp; sourceTree = "<group>"; };
		CA8269171FB31F4900F28260 /* max.hpp */ = {isa = PBXFileReference; lastKnownFileType = sourcecode.cpp.h; name = max.hpp; path = sequence/max.hpp; sourceTree = "<group>"; };
		CA8269181FB31FC500F28260 /* min.hpp */ = {isa = PBXFileReference; lastKnownFileType = sourcecode.cpp.h; name = min.hpp; path = sequence/min.hpp; sourceTree = "<group>"; };
		CA8269191FB320B500F28260 /* max.cpp */ = {isa = PBXFileReference; lastKnownFileType = sourcecode.cpp.cpp; name = max.cpp; path = sequence/max.cpp; sourceTree = "<group>"; };
		CA82691B1FB3211500F28260 /* min.cpp */ = {isa = PBXFileReference; lastKnownFileType = sourcecode.cpp.cpp; name = min.cpp; path = sequence/min.cpp; sourceTree = "<group>"; };
		CAC0C0D21F72557100A22185 /* coroutine.cpp */ = {isa = PBXFileReference; lastKnownFileType = sourcecode.cpp.cpp; path = coroutine.cpp; sourceTree = "<group>"; };
		CAF018A71F7A7F4D00E301CE /* scope_exit.cpp */ = {isa = PBXFileReference; lastKnownFileType = sourcecode.cpp.cpp; path = scope_exit.cpp; sourceTree = "<group>"; };
		CAF018A91F7A8D7B00E301CE /* container.cpp */ = {isa = PBXFileReference; lastKnownFileType = sourcecode.cpp.cpp; path = container.cpp; sourceTree = "<group>"; };
		CAF018C01F7E664000E301CE /* option.cpp */ = {isa = PBXFileReference; lastKnownFileType = sourcecode.cpp.cpp; path = option.cpp; sourceTree = "<group>"; };
		CAF018C41F7F4E9D00E301CE /* coroutine.hpp */ = {isa = PBXFileReference; lastKnownFileType = sourcecode.cpp.h; path = coroutine.hpp; sourceTree = "<group>"; };
		CAF018C51F7F4E9D00E301CE /* iterator.hpp */ = {isa = PBXFileReference; lastKnownFileType = sourcecode.cpp.h; path = iterator.hpp; sourceTree = "<group>"; };
		CAF018C61F7F4E9D00E301CE /* type_traits.hpp */ = {isa = PBXFileReference; lastKnownFileType = sourcecode.cpp.h; path = type_traits.hpp; sourceTree = "<group>"; };
		CAF018C71F7F4E9D00E301CE /* math.hpp */ = {isa = PBXFileReference; lastKnownFileType = sourcecode.cpp.h; path = math.hpp; sourceTree = "<group>"; };
		CAF018C81F7F4E9D00E301CE /* random.hpp */ = {isa = PBXFileReference; lastKnownFileType = sourcecode.cpp.h; path = random.hpp; sourceTree = "<group>"; };
		CAF018C91F7F4E9D00E301CE /* Rect.hpp */ = {isa = PBXFileReference; lastKnownFileType = sourcecode.cpp.h; path = Rect.hpp; sourceTree = "<group>"; };
		CAF018CB1F7F4E9E00E301CE /* hash.hpp */ = {isa = PBXFileReference; lastKnownFileType = sourcecode.cpp.h; path = hash.hpp; sourceTree = "<group>"; };
		CAF018CC1F7F4E9E00E301CE /* placeholder.hpp */ = {isa = PBXFileReference; lastKnownFileType = sourcecode.cpp.h; path = placeholder.hpp; sourceTree = "<group>"; };
		CAF018CD1F7F4E9E00E301CE /* scope_exit.hpp */ = {isa = PBXFileReference; lastKnownFileType = sourcecode.cpp.h; path = scope_exit.hpp; sourceTree = "<group>"; };
		CAF018CE1F7F4E9E00E301CE /* Coord.hpp */ = {isa = PBXFileReference; lastKnownFileType = sourcecode.cpp.h; path = Coord.hpp; sourceTree = "<group>"; };
		CAF018CF1F7F4E9E00E301CE /* string.hpp */ = {isa = PBXFileReference; lastKnownFileType = sourcecode.cpp.h; path = string.hpp; sourceTree = "<group>"; };
		CAF018D01F7F4E9E00E301CE /* option.hpp */ = {isa = PBXFileReference; lastKnownFileType = sourcecode.cpp.h; path = option.hpp; sourceTree = "<group>"; };
		CAF018D11F7F4E9E00E301CE /* memory.hpp */ = {isa = PBXFileReference; lastKnownFileType = sourcecode.cpp.h; path = memory.hpp; sourceTree = "<group>"; };
		CAF018D21F7F4E9E00E301CE /* container.hpp */ = {isa = PBXFileReference; lastKnownFileType = sourcecode.cpp.h; path = container.hpp; sourceTree = "<group>"; };
		CAF018D31F7F4E9E00E301CE /* TD.hpp */ = {isa = PBXFileReference; lastKnownFileType = sourcecode.cpp.h; path = TD.hpp; sourceTree = "<group>"; };
		CAF018D41F7F4E9E00E301CE /* Vector2D.hpp */ = {isa = PBXFileReference; lastKnownFileType = sourcecode.cpp.h; path = Vector2D.hpp; sourceTree = "<group>"; };
/* End PBXFileReference section */

/* Begin PBXFrameworksBuildPhase section */
		CA3ED33D1F5FE43500DA2EF1 /* Frameworks */ = {
			isa = PBXFrameworksBuildPhase;
			buildActionMask = 2147483647;
			files = (
				CA5AEDD61F5FF1220095F382 /* gtest.framework in Frameworks */,
			);
			runOnlyForDeploymentPostprocessing = 0;
		};
		CA684D121F5FE24B00F18476 /* Frameworks */ = {
			isa = PBXFrameworksBuildPhase;
			buildActionMask = 2147483647;
			files = (
			);
			runOnlyForDeploymentPostprocessing = 0;
		};
/* End PBXFrameworksBuildPhase section */

/* Begin PBXGroup section */
		CA3ED3411F5FE43500DA2EF1 /* Test */ = {
			isa = PBXGroup;
			children = (
				CAF019051F7F555800E301CE /* sequence */,
				CA3ED3421F5FE43500DA2EF1 /* main.cpp */,
				CA5AEDD71F5FF74C0095F382 /* Coord.cpp */,
				CA5AEDDB1F5FFB5D0095F382 /* Vector2D.cpp */,
				CA5AEDDD1F5FFB860095F382 /* math.cpp */,
				CA5AEDDF1F5FFBBF0095F382 /* memory.cpp */,
				CAC0C0D21F72557100A22185 /* coroutine.cpp */,
				CAF018A71F7A7F4D00E301CE /* scope_exit.cpp */,
				CAF018A91F7A8D7B00E301CE /* container.cpp */,
				CAF018C01F7E664000E301CE /* option.cpp */,
				CA7306EB1F8DCC2900C4BBAD /* LambdaWrapper.cpp */,
			);
			path = Test;
			sourceTree = "<group>";
		};
		CA5AEDBD1F5FF1050095F382 /* Products */ = {
			isa = PBXGroup;
			children = (
				CA5AEDC91F5FF1050095F382 /* gtest.framework */,
				CA5AEDCB1F5FF1050095F382 /* libgtest.a */,
				CA5AEDCD1F5FF1050095F382 /* libgtest_main.a */,
				CA5AEDCF1F5FF1050095F382 /* gtest_unittest-framework */,
				CA5AEDD11F5FF1050095F382 /* gtest_unittest */,
				CA5AEDD31F5FF1050095F382 /* sample1_unittest-framework */,
				CA5AEDD51F5FF1050095F382 /* sample1_unittest-static */,
			);
			name = Products;
			sourceTree = "<group>";
		};
		CA684D0C1F5FE24B00F18476 = {
			isa = PBXGroup;
			children = (
				CAF018C31F7F4E4D00E301CE /* ufo */,
				CA3ED3411F5FE43500DA2EF1 /* Test */,
				CA684D161F5FE24B00F18476 /* Products */,
				CA5AEDBC1F5FF1050095F382 /* gtest.xcodeproj */,
			);
			sourceTree = "<group>";
		};
		CA684D161F5FE24B00F18476 /* Products */ = {
			isa = PBXGroup;
			children = (
				CA684D151F5FE24B00F18476 /* libufo.a */,
				CA3ED3401F5FE43500DA2EF1 /* Test */,
			);
			name = Products;
			sourceTree = "<group>";
		};
		CAF018C31F7F4E4D00E301CE /* ufo */ = {
			isa = PBXGroup;
			children = (
				CAF019031F7F4EFE00E301CE /* sequence */,
				CAF018CE1F7F4E9E00E301CE /* Coord.hpp */,
				CAF018C41F7F4E9D00E301CE /* coroutine.hpp */,
				CAF018CB1F7F4E9E00E301CE /* hash.hpp */,
				CAF018C51F7F4E9D00E301CE /* iterator.hpp */,
				CAF018C71F7F4E9D00E301CE /* math.hpp */,
				CAF018D11F7F4E9E00E301CE /* memory.hpp */,
				CAF018D01F7F4E9E00E301CE /* option.hpp */,
				CAF018CC1F7F4E9E00E301CE /* placeholder.hpp */,
				CAF018C81F7F4E9D00E301CE /* random.hpp */,
				CAF018D21F7F4E9E00E301CE /* container.hpp */,
				CAF018C91F7F4E9D00E301CE /* Rect.hpp */,
				CAF018CD1F7F4E9E00E301CE /* scope_exit.hpp */,
				CAF018CF1F7F4E9E00E301CE /* string.hpp */,
				CAF018D31F7F4E9E00E301CE /* TD.hpp */,
				CAF018C61F7F4E9D00E301CE /* type_traits.hpp */,
				CAF018D41F7F4E9E00E301CE /* Vector2D.hpp */,
				CA7306EA1F8DCA6D00C4BBAD /* LambdaWrapper.hpp */,
			);
			path = ufo;
			sourceTree = "<group>";
		};
		CAF019031F7F4EFE00E301CE /* sequence */ = {
			isa = PBXGroup;
			children = (
				CA7306991F84ECAF00C4BBAD /* as_container.hpp */,
				CA7306971F84ECAF00C4BBAD /* as_vector.hpp */,
				CA7306951F84ECAF00C4BBAD /* container_wrapper.hpp */,
				CA7306921F84ECAF00C4BBAD /* counting.hpp */,
				CA7306901F84ECAF00C4BBAD /* filter.hpp */,
				CA7306981F84ECAF00C4BBAD /* foreach.hpp */,
				CA73068F1F84ECAF00C4BBAD /* iterate.hpp */,
				CA7306941F84ECAF00C4BBAD /* sequence_operator.hpp */,
				CA7306911F84ECAF00C4BBAD /* sequence.hpp */,
				CA7306931F84ECAF00C4BBAD /* take.hpp */,
				CA7306AE1F84EF7E00C4BBAD /* map.hpp */,
				CA7306D21F8CD43400C4BBAD /* concat.hpp */,
				CA7306DE1F8CDE5000C4BBAD /* empty.hpp */,
				CA7306E11F8CF93C00C4BBAD /* flatten.hpp */,
				CA7306E41F8D1F4800C4BBAD /* range.hpp */,
				CA7306E71F8D212D00C4BBAD /* take_while.hpp */,
				CA7306EE1F8E724D00C4BBAD /* map_indexed.hpp */,
				CA7306F11F8E77E600C4BBAD /* reduce.hpp */,
				CA7306F41F8F04A900C4BBAD /* mapcat.hpp */,
				CA73074C1F95EABC00C4BBAD /* first.hpp */,
				CA2EBBAF1F96096D0025B493 /* skip.hpp */,
				CA2EBBBB1F960DAE0025B493 /* nth.hpp */,
				CA22335E1F9F4A9100F8E3B6 /* find.hpp */,
				CA8268C21FB0CFB500F28260 /* max_by.hpp */,
				CA8268DC1FB173DE00F28260 /* sequence_wrapper.hpp */,
				CA8268E91FB21E3F00F28260 /* repeatedly.hpp */,
				CA8268F51FB2251700F28260 /* find_best.hpp */,
				CA8269041FB2441500F28260 /* find_best_by.hpp */,
				CA8269141FB2A99500F28260 /* min_by.hpp */,
				CA8269171FB31F4900F28260 /* max.hpp */,
				CA8269181FB31FC500F28260 /* min.hpp */,
			);
			name = sequence;
			sourceTree = "<group>";
		};
		CAF019051F7F555800E301CE /* sequence */ = {
			isa = PBXGroup;
			children = (
				CA73069F1F84ECC700C4BBAD /* as_container.cpp */,
				CA73069B1F84ECC700C4BBAD /* as_vector.cpp */,
				CA7306A11F84ECC700C4BBAD /* container_wrapper.cpp */,
				CA73069A1F84ECC700C4BBAD /* counting.cpp */,
				CA73069C1F84ECC700C4BBAD /* delete_copy.hpp */,
				CA73069E1F84ECC700C4BBAD /* filter.cpp */,
				CA7306A31F84ECC700C4BBAD /* foreach.cpp */,
				CA73069D1F84ECC700C4BBAD /* iterate.cpp */,
				CA7306A01F84ECC700C4BBAD /* take.cpp */,
				CA7306B81F84F2CE00C4BBAD /* map.cpp */,
				CA7306DC1F8CD9A300C4BBAD /* concat.cpp */,
				CA7306DF1F8CDF1800C4BBAD /* empty.cpp */,
				CA7306E21F8D0C6F00C4BBAD /* flatten.cpp */,
				CA7306E51F8D202B00C4BBAD /* range.cpp */,
				CA7306E81F8D2EE000C4BBAD /* take_while.cpp */,
				CA7306EF1F8E746C00C4BBAD /* map_indexed.cpp */,
				CA7306F21F8EE57400C4BBAD /* reduce.cpp */,
				CA7306F51F8F4B2300C4BBAD /* mapcat.cpp */,
				CA7307561F95EC9800C4BBAD /* first.cpp */,
				CA2EBBB91F960BC50025B493 /* skip.cpp */,
				CA2EBBBC1F960E6F0025B493 /* nth.cpp */,
				CA2233681F9F4BC900F8E3B6 /* find.cpp */,
				CA8268CC1FB0E2A100F28260 /* max_by.cpp */,
				CA8268F31FB21F0C00F28260 /* repeatedly.cpp */,
				CA8268F91FB23C5600F28260 /* find_best.cpp */,
				CA8269091FB29AD300F28260 /* find_best_by.cpp */,
				CA8269151FB31EBD00F28260 /* min_by.cpp */,
				CA8269191FB320B500F28260 /* max.cpp */,
				CA82691B1FB3211500F28260 /* min.cpp */,
			);
			name = sequence;
			sourceTree = "<group>";
		};
/* End PBXGroup section */

/* Begin PBXHeadersBuildPhase section */
		CA684D131F5FE24B00F18476 /* Headers */ = {
			isa = PBXHeadersBuildPhase;
			buildActionMask = 2147483647;
			files = (
			);
			runOnlyForDeploymentPostprocessing = 0;
		};
/* End PBXHeadersBuildPhase section */

/* Begin PBXNativeTarget section */
		CA3ED33F1F5FE43500DA2EF1 /* Test */ = {
			isa = PBXNativeTarget;
			buildConfigurationList = CA3ED3441F5FE43500DA2EF1 /* Build configuration list for PBXNativeTarget "Test" */;
			buildPhases = (
				CA3ED33C1F5FE43500DA2EF1 /* Sources */,
				CA3ED33D1F5FE43500DA2EF1 /* Frameworks */,
				CA3ED33E1F5FE43500DA2EF1 /* CopyFiles */,
			);
			buildRules = (
			);
			dependencies = (
			);
			name = Test;
			productName = Test;
			productReference = CA3ED3401F5FE43500DA2EF1 /* Test */;
			productType = "com.apple.product-type.tool";
		};
		CA684D141F5FE24B00F18476 /* ufo */ = {
			isa = PBXNativeTarget;
			buildConfigurationList = CA684D201F5FE24B00F18476 /* Build configuration list for PBXNativeTarget "ufo" */;
			buildPhases = (
				CA684D111F5FE24B00F18476 /* Sources */,
				CA684D121F5FE24B00F18476 /* Frameworks */,
				CA684D131F5FE24B00F18476 /* Headers */,
			);
			buildRules = (
			);
			dependencies = (
			);
			name = ufo;
			productName = ufo;
			productReference = CA684D151F5FE24B00F18476 /* libufo.a */;
			productType = "com.apple.product-type.library.static";
		};
/* End PBXNativeTarget section */

/* Begin PBXProject section */
		CA684D0D1F5FE24B00F18476 /* Project object */ = {
			isa = PBXProject;
			attributes = {
				LastSwiftUpdateCheck = 0900;
				LastUpgradeCheck = 0900;
				ORGANIZATIONNAME = "Yuu Shimizu";
				TargetAttributes = {
					CA3ED33F1F5FE43500DA2EF1 = {
						CreatedOnToolsVersion = 9.0;
						DevelopmentTeam = 5P5PV7TR8N;
						ProvisioningStyle = Automatic;
					};
					CA684D141F5FE24B00F18476 = {
						CreatedOnToolsVersion = 8.3.3;
						DevelopmentTeam = 5P5PV7TR8N;
						ProvisioningStyle = Automatic;
					};
				};
			};
			buildConfigurationList = CA684D101F5FE24B00F18476 /* Build configuration list for PBXProject "ufo" */;
			compatibilityVersion = "Xcode 3.2";
			developmentRegion = English;
			hasScannedForEncodings = 0;
			knownRegions = (
				en,
			);
			mainGroup = CA684D0C1F5FE24B00F18476;
			productRefGroup = CA684D161F5FE24B00F18476 /* Products */;
			projectDirPath = "";
			projectReferences = (
				{
					ProductGroup = CA5AEDBD1F5FF1050095F382 /* Products */;
					ProjectRef = CA5AEDBC1F5FF1050095F382 /* gtest.xcodeproj */;
				},
			);
			projectRoot = "";
			targets = (
				CA684D141F5FE24B00F18476 /* ufo */,
				CA3ED33F1F5FE43500DA2EF1 /* Test */,
			);
		};
/* End PBXProject section */

/* Begin PBXReferenceProxy section */
		CA5AEDC91F5FF1050095F382 /* gtest.framework */ = {
			isa = PBXReferenceProxy;
			fileType = wrapper.framework;
			path = gtest.framework;
			remoteRef = CA5AEDC81F5FF1050095F382 /* PBXContainerItemProxy */;
			sourceTree = BUILT_PRODUCTS_DIR;
		};
		CA5AEDCB1F5FF1050095F382 /* libgtest.a */ = {
			isa = PBXReferenceProxy;
			fileType = archive.ar;
			path = libgtest.a;
			remoteRef = CA5AEDCA1F5FF1050095F382 /* PBXContainerItemProxy */;
			sourceTree = BUILT_PRODUCTS_DIR;
		};
		CA5AEDCD1F5FF1050095F382 /* libgtest_main.a */ = {
			isa = PBXReferenceProxy;
			fileType = archive.ar;
			path = libgtest_main.a;
			remoteRef = CA5AEDCC1F5FF1050095F382 /* PBXContainerItemProxy */;
			sourceTree = BUILT_PRODUCTS_DIR;
		};
		CA5AEDCF1F5FF1050095F382 /* gtest_unittest-framework */ = {
			isa = PBXReferenceProxy;
			fileType = "compiled.mach-o.executable";
			path = "gtest_unittest-framework";
			remoteRef = CA5AEDCE1F5FF1050095F382 /* PBXContainerItemProxy */;
			sourceTree = BUILT_PRODUCTS_DIR;
		};
		CA5AEDD11F5FF1050095F382 /* gtest_unittest */ = {
			isa = PBXReferenceProxy;
			fileType = "compiled.mach-o.executable";
			path = gtest_unittest;
			remoteRef = CA5AEDD01F5FF1050095F382 /* PBXContainerItemProxy */;
			sourceTree = BUILT_PRODUCTS_DIR;
		};
		CA5AEDD31F5FF1050095F382 /* sample1_unittest-framework */ = {
			isa = PBXReferenceProxy;
			fileType = "compiled.mach-o.executable";
			path = "sample1_unittest-framework";
			remoteRef = CA5AEDD21F5FF1050095F382 /* PBXContainerItemProxy */;
			sourceTree = BUILT_PRODUCTS_DIR;
		};
		CA5AEDD51F5FF1050095F382 /* sample1_unittest-static */ = {
			isa = PBXReferenceProxy;
			fileType = "compiled.mach-o.executable";
			path = "sample1_unittest-static";
			remoteRef = CA5AEDD41F5FF1050095F382 /* PBXContainerItemProxy */;
			sourceTree = BUILT_PRODUCTS_DIR;
		};
/* End PBXReferenceProxy section */

/* Begin PBXSourcesBuildPhase section */
		CA3ED33C1F5FE43500DA2EF1 /* Sources */ = {
			isa = PBXSourcesBuildPhase;
			buildActionMask = 2147483647;
			files = (
				CA5AEDE01F5FFBBF0095F382 /* memory.cpp in Sources */,
				CA3ED3431F5FE43500DA2EF1 /* main.cpp in Sources */,
				CA7306AB1F84ECF600C4BBAD /* iterate.cpp in Sources */,
				CA7306E61F8D202B00C4BBAD /* range.cpp in Sources */,
				CA7306AC1F84ECF900C4BBAD /* take.cpp in Sources */,
				CA8269161FB31EBD00F28260 /* min_by.cpp in Sources */,
				CAC0C0D31F72557100A22185 /* coroutine.cpp in Sources */,
				CA7307571F95EC9800C4BBAD /* first.cpp in Sources */,
				CAF018C21F7E664000E301CE /* option.cpp in Sources */,
				CAF018AA1F7A8D7B00E301CE /* container.cpp in Sources */,
				CA82691C1FB3211500F28260 /* min.cpp in Sources */,
				CA7306E31F8D0C6F00C4BBAD /* flatten.cpp in Sources */,
				CA7306EC1F8DCC2900C4BBAD /* LambdaWrapper.cpp in Sources */,
				CA7306DD1F8CD9A300C4BBAD /* concat.cpp in Sources */,
				CA7306F01F8E746C00C4BBAD /* map_indexed.cpp in Sources */,
				CAF018A81F7A7F4D00E301CE /* scope_exit.cpp in Sources */,
				CA7306E91F8D2EE000C4BBAD /* take_while.cpp in Sources */,
				CA7306B91F84F2CE00C4BBAD /* map.cpp in Sources */,
				CA7306F31F8EE57400C4BBAD /* reduce.cpp in Sources */,
				CA5AEDD81F5FF74C0095F382 /* Coord.cpp in Sources */,
				CA7306A81F84ECF000C4BBAD /* counting.cpp in Sources */,
				CA7306A91F84ECF300C4BBAD /* filter.cpp in Sources */,
				CA8268FA1FB23C5600F28260 /* find_best.cpp in Sources */,
				CA8268F41FB21F0C00F28260 /* repeatedly.cpp in Sources */,
				CA7306A51F84ECE900C4BBAD /* as_vector.cpp in Sources */,
				CA7306E01F8CDF1800C4BBAD /* empty.cpp in Sources */,
				CA82691A1FB320B500F28260 /* max.cpp in Sources */,
				CA22336A1F9F4BC900F8E3B6 /* find.cpp in Sources */,
				CA7306AA1F84ECF500C4BBAD /* foreach.cpp in Sources */,
				CA2EBBBA1F960BC50025B493 /* skip.cpp in Sources */,
				CA2EBBBD1F960E6F0025B493 /* nth.cpp in Sources */,
				CA7306A41F84ECE700C4BBAD /* as_container.cpp in Sources */,
				CA82690A1FB29AD300F28260 /* find_best_by.cpp in Sources */,
				CA8268CD1FB0E2A100F28260 /* max_by.cpp in Sources */,
				CA5AEDDC1F5FFB5D0095F382 /* Vector2D.cpp in Sources */,
				CA7306F61F8F4B2300C4BBAD /* mapcat.cpp in Sources */,
				CA7306A61F84ECEC00C4BBAD /* container_wrapper.cpp in Sources */,
				CA5AEDDE1F5FFB860095F382 /* math.cpp in Sources */,
			);
			runOnlyForDeploymentPostprocessing = 0;
		};
		CA684D111F5FE24B00F18476 /* Sources */ = {
			isa = PBXSourcesBuildPhase;
			buildActionMask = 2147483647;
			files = (
			);
			runOnlyForDeploymentPostprocessing = 0;
		};
/* End PBXSourcesBuildPhase section */

/* Begin XCBuildConfiguration section */
		CA3ED3451F5FE43500DA2EF1 /* Debug */ = {
			isa = XCBuildConfiguration;
			buildSettings = {
				CLANG_WARN_BLOCK_CAPTURE_AUTORELEASING = YES;
				CLANG_WARN_COMMA = YES;
				CLANG_WARN_NON_LITERAL_NULL_CONVERSION = YES;
				CLANG_WARN_OBJC_LITERAL_CONVERSION = YES;
				CLANG_WARN_RANGE_LOOP_ANALYSIS = YES;
				CLANG_WARN_STRICT_PROTOTYPES = YES;
				CLANG_WARN_UNGUARDED_AVAILABILITY = YES_AGGRESSIVE;
				CODE_SIGN_IDENTITY = "Mac Developer";
				CODE_SIGN_STYLE = Automatic;
				DEVELOPMENT_TEAM = 5P5PV7TR8N;
				OTHER_CPLUSPLUSFLAGS = (
					"$(OTHER_CFLAGS)",
					"-ftemplate-backtrace-limit=50",
				);
				PRODUCT_NAME = "$(TARGET_NAME)";
				USER_HEADER_SEARCH_PATHS = "$(SRCROOT)";
			};
			name = Debug;
		};
		CA3ED3461F5FE43500DA2EF1 /* Release */ = {
			isa = XCBuildConfiguration;
			buildSettings = {
				CLANG_WARN_BLOCK_CAPTURE_AUTORELEASING = YES;
				CLANG_WARN_COMMA = YES;
				CLANG_WARN_NON_LITERAL_NULL_CONVERSION = YES;
				CLANG_WARN_OBJC_LITERAL_CONVERSION = YES;
				CLANG_WARN_RANGE_LOOP_ANALYSIS = YES;
				CLANG_WARN_STRICT_PROTOTYPES = YES;
				CLANG_WARN_UNGUARDED_AVAILABILITY = YES_AGGRESSIVE;
				CODE_SIGN_IDENTITY = "Mac Developer";
				CODE_SIGN_STYLE = Automatic;
				DEVELOPMENT_TEAM = 5P5PV7TR8N;
				OTHER_CPLUSPLUSFLAGS = (
					"$(OTHER_CFLAGS)",
					"-ftemplate-backtrace-limit=50",
				);
				PRODUCT_NAME = "$(TARGET_NAME)";
				USER_HEADER_SEARCH_PATHS = "$(SRCROOT)";
			};
			name = Release;
		};
		CA684D1E1F5FE24B00F18476 /* Debug */ = {
			isa = XCBuildConfiguration;
			buildSettings = {
				ALWAYS_SEARCH_USER_PATHS = NO;
				CLANG_ANALYZER_NONNULL = YES;
				CLANG_ANALYZER_NUMBER_OBJECT_CONVERSION = YES_AGGRESSIVE;
				CLANG_CXX_LANGUAGE_STANDARD = "c++17";
				CLANG_CXX_LIBRARY = "libc++";
				CLANG_ENABLE_MODULES = YES;
				CLANG_ENABLE_OBJC_ARC = YES;
				CLANG_WARN_BLOCK_CAPTURE_AUTORELEASING = YES;
				CLANG_WARN_BOOL_CONVERSION = YES;
				CLANG_WARN_COMMA = YES;
				CLANG_WARN_CONSTANT_CONVERSION = YES;
				CLANG_WARN_DIRECT_OBJC_ISA_USAGE = YES_ERROR;
				CLANG_WARN_DOCUMENTATION_COMMENTS = YES;
				CLANG_WARN_EMPTY_BODY = YES;
				CLANG_WARN_ENUM_CONVERSION = YES;
				CLANG_WARN_INFINITE_RECURSION = YES;
				CLANG_WARN_INT_CONVERSION = YES;
				CLANG_WARN_NON_LITERAL_NULL_CONVERSION = YES;
				CLANG_WARN_OBJC_LITERAL_CONVERSION = YES;
				CLANG_WARN_OBJC_ROOT_CLASS = YES_ERROR;
				CLANG_WARN_RANGE_LOOP_ANALYSIS = YES;
				CLANG_WARN_STRICT_PROTOTYPES = YES;
				CLANG_WARN_SUSPICIOUS_MOVE = YES;
				CLANG_WARN_UNREACHABLE_CODE = YES;
				CLANG_WARN__DUPLICATE_METHOD_MATCH = YES;
				CODE_SIGN_IDENTITY = "-";
				COPY_PHASE_STRIP = NO;
				DEBUG_INFORMATION_FORMAT = dwarf;
				ENABLE_STRICT_OBJC_MSGSEND = YES;
				ENABLE_TESTABILITY = YES;
				GCC_C_LANGUAGE_STANDARD = gnu99;
				GCC_DYNAMIC_NO_PIC = NO;
				GCC_NO_COMMON_BLOCKS = YES;
				GCC_OPTIMIZATION_LEVEL = 0;
				GCC_PREPROCESSOR_DEFINITIONS = (
					"DEBUG=1",
					"$(inherited)",
				);
				GCC_WARN_64_TO_32_BIT_CONVERSION = YES;
				GCC_WARN_ABOUT_RETURN_TYPE = YES_ERROR;
				GCC_WARN_UNDECLARED_SELECTOR = YES;
				GCC_WARN_UNINITIALIZED_AUTOS = YES_AGGRESSIVE;
				GCC_WARN_UNUSED_FUNCTION = YES;
				GCC_WARN_UNUSED_VARIABLE = YES;
				HEADER_SEARCH_PATHS = "$(SRCROOT)/extsrc/placeholder";
				MACOSX_DEPLOYMENT_TARGET = 10.12;
				MTL_ENABLE_DEBUG_INFO = YES;
				ONLY_ACTIVE_ARCH = YES;
				SDKROOT = macosx;
			};
			name = Debug;
		};
		CA684D1F1F5FE24B00F18476 /* Release */ = {
			isa = XCBuildConfiguration;
			buildSettings = {
				ALWAYS_SEARCH_USER_PATHS = NO;
				CLANG_ANALYZER_NONNULL = YES;
				CLANG_ANALYZER_NUMBER_OBJECT_CONVERSION = YES_AGGRESSIVE;
				CLANG_CXX_LANGUAGE_STANDARD = "c++17";
				CLANG_CXX_LIBRARY = "libc++";
				CLANG_ENABLE_MODULES = YES;
				CLANG_ENABLE_OBJC_ARC = YES;
				CLANG_WARN_BLOCK_CAPTURE_AUTORELEASING = YES;
				CLANG_WARN_BOOL_CONVERSION = YES;
				CLANG_WARN_COMMA = YES;
				CLANG_WARN_CONSTANT_CONVERSION = YES;
				CLANG_WARN_DIRECT_OBJC_ISA_USAGE = YES_ERROR;
				CLANG_WARN_DOCUMENTATION_COMMENTS = YES;
				CLANG_WARN_EMPTY_BODY = YES;
				CLANG_WARN_ENUM_CONVERSION = YES;
				CLANG_WARN_INFINITE_RECURSION = YES;
				CLANG_WARN_INT_CONVERSION = YES;
				CLANG_WARN_NON_LITERAL_NULL_CONVERSION = YES;
				CLANG_WARN_OBJC_LITERAL_CONVERSION = YES;
				CLANG_WARN_OBJC_ROOT_CLASS = YES_ERROR;
				CLANG_WARN_RANGE_LOOP_ANALYSIS = YES;
				CLANG_WARN_STRICT_PROTOTYPES = YES;
				CLANG_WARN_SUSPICIOUS_MOVE = YES;
				CLANG_WARN_UNREACHABLE_CODE = YES;
				CLANG_WARN__DUPLICATE_METHOD_MATCH = YES;
				CODE_SIGN_IDENTITY = "-";
				COPY_PHASE_STRIP = NO;
				DEBUG_INFORMATION_FORMAT = "dwarf-with-dsym";
				ENABLE_NS_ASSERTIONS = NO;
				ENABLE_STRICT_OBJC_MSGSEND = YES;
				GCC_C_LANGUAGE_STANDARD = gnu99;
				GCC_NO_COMMON_BLOCKS = YES;
				GCC_WARN_64_TO_32_BIT_CONVERSION = YES;
				GCC_WARN_ABOUT_RETURN_TYPE = YES_ERROR;
				GCC_WARN_UNDECLARED_SELECTOR = YES;
				GCC_WARN_UNINITIALIZED_AUTOS = YES_AGGRESSIVE;
				GCC_WARN_UNUSED_FUNCTION = YES;
				GCC_WARN_UNUSED_VARIABLE = YES;
				HEADER_SEARCH_PATHS = "$(SRCROOT)/extsrc/placeholder";
				MACOSX_DEPLOYMENT_TARGET = 10.12;
				MTL_ENABLE_DEBUG_INFO = NO;
				SDKROOT = macosx;
			};
			name = Release;
		};
		CA684D211F5FE24B00F18476 /* Debug */ = {
			isa = XCBuildConfiguration;
			buildSettings = {
				DEVELOPMENT_TEAM = 5P5PV7TR8N;
				EXECUTABLE_PREFIX = lib;
				GCC_ENABLE_CPP_EXCEPTIONS = YES;
				GCC_ENABLE_CPP_RTTI = YES;
				PRODUCT_NAME = "$(TARGET_NAME)";
			};
			name = Debug;
		};
		CA684D221F5FE24B00F18476 /* Release */ = {
			isa = XCBuildConfiguration;
			buildSettings = {
				DEVELOPMENT_TEAM = 5P5PV7TR8N;
				EXECUTABLE_PREFIX = lib;
				GCC_ENABLE_CPP_EXCEPTIONS = YES;
				GCC_ENABLE_CPP_RTTI = YES;
				PRODUCT_NAME = "$(TARGET_NAME)";
			};
			name = Release;
		};
/* End XCBuildConfiguration section */

/* Begin XCConfigurationList section */
		CA3ED3441F5FE43500DA2EF1 /* Build configuration list for PBXNativeTarget "Test" */ = {
			isa = XCConfigurationList;
			buildConfigurations = (
				CA3ED3451F5FE43500DA2EF1 /* Debug */,
				CA3ED3461F5FE43500DA2EF1 /* Release */,
			);
			defaultConfigurationIsVisible = 0;
			defaultConfigurationName = Release;
		};
		CA684D101F5FE24B00F18476 /* Build configuration list for PBXProject "ufo" */ = {
			isa = XCConfigurationList;
			buildConfigurations = (
				CA684D1E1F5FE24B00F18476 /* Debug */,
				CA684D1F1F5FE24B00F18476 /* Release */,
			);
			defaultConfigurationIsVisible = 0;
			defaultConfigurationName = Release;
		};
		CA684D201F5FE24B00F18476 /* Build configuration list for PBXNativeTarget "ufo" */ = {
			isa = XCConfigurationList;
			buildConfigurations = (
				CA684D211F5FE24B00F18476 /* Debug */,
				CA684D221F5FE24B00F18476 /* Release */,
			);
			defaultConfigurationIsVisible = 0;
			defaultConfigurationName = Release;
		};
/* End XCConfigurationList section */
	};
	rootObject = CA684D0D1F5FE24B00F18476 /* Project object */;
}
